
Microsoft Visual Studio Solution File, Format Version 12.00
# Visual Studio Version 16
VisualStudioVersion = 16.0.30804.86
MinimumVisualStudioVersion = 10.0.40219.1
Project("{FAE04EC0-301F-11D3-BF4B-00C04F79EFBC}") = "Exercise1", "Exercise1\Exercise1.csproj", "{E0D2E90F-E57F-4CF2-8D17-9241F4413A5A}"
EndProject
Global
	GlobalSection(SolutionConfigurationPlatforms) = preSolution
		Debug|Any CPU = Debug|Any CPU
		Release|Any CPU = Release|Any CPU
	EndGlobalSection
	GlobalSection(ProjectConfigurationPlatforms) = postSolution
		{E0D2E90F-E57F-4CF2-8D17-9241F4413A5A}.Debug|Any CPU.ActiveCfg = Debug|Any CPU
		{E0D2E90F-E57F-4CF2-8D17-9241F4413A5A}.Debug|Any CPU.Build.0 = Debug|Any CPU
		{E0D2E90F-E57F-4CF2-8D17-9241F4413A5A}.Release|Any CPU.ActiveCfg = Release|Any CPU
		{E0D2E90F-E57F-4CF2-8D17-9241F4413A5A}.Release|Any CPU.Build.0 = Release|Any CPU
	EndGlobalSection
	GlobalSection(SolutionProperties) = preSolution
		HideSolutionNode = FALSE
	EndGlobalSection
	GlobalSection(ExtensibilityGlobals) = postSolution
		SolutionGuid = {75753926-DA15-4C4C-A3DB-92AF17B91324}
	EndGlobalSection
EndGlobal
